# This file is automatically @generated by Cargo.
# It is not intended for manual editing.
version = 4

[[package]]
name = "addr2line"
version = "0.24.2"
source = "registry+https://github.com/rust-lang/crates.io-index"
checksum = "dfbe277e56a376000877090da837660b4427aad530e3028d44e0bffe4f89a1c1"
dependencies = [
 "gimli",
]

[[package]]
name = "adler2"
version = "2.0.0"
source = "registry+https://github.com/rust-lang/crates.io-index"
checksum = "512761e0bb2578dd7380c6baaa0f4ce03e84f95e960231d1dec8bf4d7d6e2627"

[[package]]
name = "aho-corasick"
version = "1.1.3"
source = "registry+https://github.com/rust-lang/crates.io-index"
checksum = "8e60d3430d3a69478ad0993f19238d2df97c507009a52b3c10addcd7f6bcb916"
dependencies = [
 "memchr",
]

[[package]]
name = "backtrace"
version = "0.3.74"
source = "registry+https://github.com/rust-lang/crates.io-index"
checksum = "8d82cb332cdfaed17ae235a638438ac4d4839913cc2af585c3c6746e8f8bee1a"
dependencies = [
 "addr2line",
 "cfg-if",
 "libc",
 "miniz_oxide",
 "object",
 "rustc-demangle",
 "windows-targets",
]

[[package]]
name = "bitflags"
version = "2.6.0"
source = "registry+https://github.com/rust-lang/crates.io-index"
checksum = "b048fb63fd8b5923fc5aa7b340d8e156aec7ec02f0c78fa8a6ddc2613f6f71de"

[[package]]
name = "cfg-if"
version = "1.0.0"
source = "registry+https://github.com/rust-lang/crates.io-index"
checksum = "baf1de4339761588bc0619e3cbc0120ee582ebb74b53b4efbf79117bd2da40fd"

[[package]]
name = "convert_case"
version = "0.6.0"
source = "registry+https://github.com/rust-lang/crates.io-index"
checksum = "ec182b0ca2f35d8fc196cf3404988fd8b8c739a4d270ff118a398feb0cbec1ca"
dependencies = [
 "unicode-segmentation",
]

[[package]]
name = "ctor"
version = "0.2.9"
source = "registry+https://github.com/rust-lang/crates.io-index"
checksum = "32a2785755761f3ddc1492979ce1e48d2c00d09311c39e4466429188f3dd6501"
dependencies = [
 "quote",
 "syn",
]

[[package]]
name = "example"
version = "0.1.0"
dependencies = [
 "napi-build-ohos",
 "napi-derive-ohos",
 "napi-ohos",
 "ohos-hilog-binding",
 "openharmony-ability",
 "openharmony-ability-derive",
]

[[package]]
name = "gimli"
version = "0.31.1"
source = "registry+https://github.com/rust-lang/crates.io-index"
checksum = "07e28edb80900c19c28f1072f2e8aeca7fa06b23cd4169cefe1af5aa3260783f"

[[package]]
name = "libc"
version = "0.2.166"
source = "registry+https://github.com/rust-lang/crates.io-index"
checksum = "c2ccc108bbc0b1331bd061864e7cd823c0cab660bbe6970e66e2c0614decde36"

[[package]]
name = "libloading"
version = "0.8.5"
source = "registry+https://github.com/rust-lang/crates.io-index"
checksum = "4979f22fdb869068da03c9f7528f8297c6fd2606bc3a4affe42e6a823fdb8da4"
dependencies = [
 "cfg-if",
 "windows-targets",
]

[[package]]
name = "memchr"
version = "2.7.4"
source = "registry+https://github.com/rust-lang/crates.io-index"
checksum = "78ca9ab1a0babb1e7d5695e3530886289c18cf2f87ec19a575a0abdce112e3a3"

[[package]]
name = "miniz_oxide"
version = "0.8.0"
source = "registry+https://github.com/rust-lang/crates.io-index"
checksum = "e2d80299ef12ff69b16a84bb182e3b9df68b5a91574d3d4fa6e41b65deec4df1"
dependencies = [
 "adler2",
]

[[package]]
name = "napi-build-ohos"
version = "1.0.3"
source = "registry+https://github.com/rust-lang/crates.io-index"
checksum = "f65030ecf45de85be04f6c5632bfa72f29ce2833eb93522e8e8ae206a98d82d4"

[[package]]
name = "napi-derive-backend-ohos"
version = "1.0.3"
source = "registry+https://github.com/rust-lang/crates.io-index"
checksum = "678c5cb2b618d3d806a02f4a719e0e0ceaf00f7f0ad5286e04239ae01b65d380"
dependencies = [
 "convert_case",
 "once_cell",
 "proc-macro2",
 "quote",
 "semver",
 "syn",
]

[[package]]
name = "napi-derive-ohos"
version = "1.0.3"
source = "registry+https://github.com/rust-lang/crates.io-index"
checksum = "83d2cc9b0d47f989e3218c8cf17e8db4ba3d690ffe04dbde4263f5865c779fd1"
dependencies = [
 "convert_case",
 "napi-derive-backend-ohos",
 "proc-macro2",
 "quote",
 "syn",
]

[[package]]
name = "napi-ohos"
version = "1.0.3"
source = "registry+https://github.com/rust-lang/crates.io-index"
checksum = "ce44b811af16b0ce805b67597c882c7291e2c45ed10bf20c11315bcb9039cb8c"
dependencies = [
 "bitflags",
 "ctor",
 "napi-sys-ohos",
 "tokio",
]

[[package]]
name = "napi-sys-ohos"
version = "1.0.3"
source = "registry+https://github.com/rust-lang/crates.io-index"
checksum = "950058f2a75d5d06f60329fd10fca41084af2a11aa964750f5820b42004490c2"
dependencies = [
 "libloading",
]

[[package]]
name = "object"
version = "0.36.5"
source = "registry+https://github.com/rust-lang/crates.io-index"
checksum = "aedf0a2d09c573ed1d8d85b30c119153926a2b36dce0ab28322c09a117a4683e"
dependencies = [
 "memchr",
]

[[package]]
name = "ohos-arkui-binding"
version = "0.0.1"
source = "registry+https://github.com/rust-lang/crates.io-index"
checksum = "68212424b93104f63d99cdfa0a40214b9b4911e9ad7639aa7c96648dad809bb8"
dependencies = [
 "bitflags",
 "napi-ohos",
 "napi-sys-ohos",
 "ohos-arkui-sys",
 "ohos-xcomponent-binding",
 "ohos-xcomponent-sys",
 "ohos_enum_macro",
]

[[package]]
name = "ohos-arkui-sys"
version = "0.0.1"
source = "registry+https://github.com/rust-lang/crates.io-index"
checksum = "1a19176486bbe46d33830aca4213b07bb46c745200118e57106639db4962e1c3"
dependencies = [
 "napi-sys-ohos",
]

[[package]]
name = "ohos-display-binding"
version = "0.0.1"
source = "registry+https://github.com/rust-lang/crates.io-index"
checksum = "157fe09232fd0af55ed9207d30b47a5f5ff7f84a0673a3b47f65acb7bbc9b8a9"
dependencies = [
 "ohos-display-sys",
 "ohos_enum_macro",
]

[[package]]
name = "ohos-display-sys"
version = "0.0.1"
source = "registry+https://github.com/rust-lang/crates.io-index"
checksum = "fe9e1bba4d94159d0a65f1b4e748c148d4bce7930912c424522693f1837dad77"

[[package]]
name = "ohos-hilog-binding"
version = "0.0.4"
source = "registry+https://github.com/rust-lang/crates.io-index"
checksum = "c77eba0e08737726b1104fca13dc583c74add8bf176ca8731bc963f090fd2421"
dependencies = [
 "ohos-hilogs-sys",
]

[[package]]
name = "ohos-hilogs-sys"
version = "0.0.2"
source = "registry+https://github.com/rust-lang/crates.io-index"
checksum = "ed07615005d0f8d7bcf901f89c8ff4870666a9bdb00382f588af383f40c160b7"

[[package]]
name = "ohos-ime-binding"
version = "0.0.1"
source = "registry+https://github.com/rust-lang/crates.io-index"
checksum = "171f89885fb438a88071f85136b92d96121c66bb8c829c6317da0b32215c812a"
dependencies = [
 "ohos-input-method-sys",
 "ohos_enum_macro",
]

[[package]]
name = "ohos-input-method-sys"
version = "0.0.1"
source = "registry+https://github.com/rust-lang/crates.io-index"
checksum = "e219fd916dd23f2bc01ffe408563c14a8fb8c516e23a0a3803723199452202fd"

[[package]]
name = "ohos-xcomponent-binding"
version = "0.0.3"
source = "registry+https://github.com/rust-lang/crates.io-index"
checksum = "5069df7da4e9e9a25a1ff7080993b7a9b52cc2f08bb0abc0e1eee1ae7eb70548"
dependencies = [
 "napi-derive-ohos",
 "napi-ohos",
 "napi-sys-ohos",
 "ohos-display-binding",
 "ohos-xcomponent-sys",
 "ohos_enum_macro",
 "raw-window-handle",
]

[[package]]
name = "ohos-xcomponent-sys"
version = "0.0.2"
source = "registry+https://github.com/rust-lang/crates.io-index"
checksum = "5613209329ff61bc8695871ef985d57fc59ea4d55263e2c2395d8810d063575e"
dependencies = [
 "ohos-arkui-sys",
]

[[package]]
name = "ohos_enum_macro"
version = "0.0.1"
source = "registry+https://github.com/rust-lang/crates.io-index"
checksum = "b0ee769776099c824423d1686e21b5fd13b464d374d60f7cc25c48c1c836ede1"
dependencies = [
 "convert_case",
 "proc-macro2",
 "quote",
 "regex",
 "syn",
]

[[package]]
name = "once_cell"
version = "1.20.2"
source = "registry+https://github.com/rust-lang/crates.io-index"
checksum = "1261fe7e33c73b354eab43b1273a57c8f967d0391e80353e51f764ac02cf6775"

[[package]]
name = "openharmony-ability"
version = "0.0.1"
dependencies = [
 "napi-derive-ohos",
 "napi-ohos",
 "ohos-arkui-binding",
 "ohos-display-binding",
 "ohos-ime-binding",
 "ohos-xcomponent-binding",
]

[[package]]
name = "openharmony-ability-derive"
version = "0.0.1"
dependencies = [
 "proc-macro2",
 "quote",
 "syn",
]

[[package]]
name = "pin-project-lite"
version = "0.2.15"
source = "registry+https://github.com/rust-lang/crates.io-index"
checksum = "915a1e146535de9163f3987b8944ed8cf49a18bb0056bcebcdcece385cece4ff"

[[package]]
name = "proc-macro2"
version = "1.0.92"
source = "registry+https://github.com/rust-lang/crates.io-index"
checksum = "37d3544b3f2748c54e147655edb5025752e2303145b5aefb3c3ea2c78b973bb0"
dependencies = [
 "unicode-ident",
]

[[package]]
name = "quote"
version = "1.0.37"
source = "registry+https://github.com/rust-lang/crates.io-index"
checksum = "b5b9d34b8991d19d98081b46eacdd8eb58c6f2b201139f7c5f643cc155a633af"
dependencies = [
 "proc-macro2",
]

[[package]]
name = "raw-window-handle"
version = "0.6.2"
source = "registry+https://github.com/rust-lang/crates.io-index"
checksum = "20675572f6f24e9e76ef639bc5552774ed45f1c30e2951e1e99c59888861c539"

[[package]]
name = "regex"
version = "1.11.1"
source = "registry+https://github.com/rust-lang/crates.io-index"
checksum = "b544ef1b4eac5dc2db33ea63606ae9ffcfac26c1416a2806ae0bf5f56b201191"
dependencies = [
 "aho-corasick",
 "memchr",
 "regex-automata",
 "regex-syntax",
]

[[package]]
name = "regex-automata"
version = "0.4.9"
source = "registry+https://github.com/rust-lang/crates.io-index"
checksum = "809e8dc61f6de73b46c85f4c96486310fe304c434cfa43669d7b40f711150908"
dependencies = [
 "aho-corasick",
 "memchr",
 "regex-syntax",
]

[[package]]
name = "regex-syntax"
version = "0.8.5"
source = "registry+https://github.com/rust-lang/crates.io-index"
checksum = "2b15c43186be67a4fd63bee50d0303afffcef381492ebe2c5d87f324e1b8815c"

[[package]]
name = "rustc-demangle"
version = "0.1.24"
source = "registry+https://github.com/rust-lang/crates.io-index"
checksum = "719b953e2095829ee67db738b3bfa9fa368c94900df327b3f07fe6e794d2fe1f"

[[package]]
name = "semver"
version = "1.0.23"
source = "registry+https://github.com/rust-lang/crates.io-index"
checksum = "61697e0a1c7e512e84a621326239844a24d8207b4669b41bc18b32ea5cbf988b"

[[package]]
name = "syn"
version = "2.0.89"
source = "registry+https://github.com/rust-lang/crates.io-index"
checksum = "44d46482f1c1c87acd84dea20c1bf5ebff4c757009ed6bf19cfd36fb10e92c4e"
dependencies = [
 "proc-macro2",
 "quote",
 "unicode-ident",
]

[[package]]
name = "tokio"
version = "1.41.1"
source = "registry+https://github.com/rust-lang/crates.io-index"
checksum = "22cfb5bee7a6a52939ca9224d6ac897bb669134078daa8735560897f69de4d33"
dependencies = [
 "backtrace",
 "pin-project-lite",
]

[[package]]
name = "unicode-ident"
version = "1.0.14"
source = "registry+https://github.com/rust-lang/crates.io-index"
checksum = "adb9e6ca4f869e1180728b7950e35922a7fc6397f7b641499e8f3ef06e50dc83"

[[package]]
name = "unicode-segmentation"
version = "1.12.0"
source = "registry+https://github.com/rust-lang/crates.io-index"
checksum = "f6ccf251212114b54433ec949fd6a7841275f9ada20dddd2f29e9ceea4501493"

[[package]]
name = "windows-targets"
version = "0.52.6"
source = "registry+https://github.com/rust-lang/crates.io-index"
checksum = "9b724f72796e036ab90c1021d4780d4d3d648aca59e491e6b98e725b84e99973"
dependencies = [
 "windows_aarch64_gnullvm",
 "windows_aarch64_msvc",
 "windows_i686_gnu",
 "windows_i686_gnullvm",
 "windows_i686_msvc",
 "windows_x86_64_gnu",
 "windows_x86_64_gnullvm",
 "windows_x86_64_msvc",
]

[[package]]
name = "windows_aarch64_gnullvm"
version = "0.52.6"
source = "registry+https://github.com/rust-lang/crates.io-index"
checksum = "32a4622180e7a0ec044bb555404c800bc9fd9ec262ec147edd5989ccd0c02cd3"

[[package]]
name = "windows_aarch64_msvc"
version = "0.52.6"
source = "registry+https://github.com/rust-lang/crates.io-index"
checksum = "09ec2a7bb152e2252b53fa7803150007879548bc709c039df7627cabbd05d469"

[[package]]
name = "windows_i686_gnu"
version = "0.52.6"
source = "registry+https://github.com/rust-lang/crates.io-index"
checksum = "8e9b5ad5ab802e97eb8e295ac6720e509ee4c243f69d781394014ebfe8bbfa0b"

[[package]]
name = "windows_i686_gnullvm"
version = "0.52.6"
source = "registry+https://github.com/rust-lang/crates.io-index"
checksum = "0eee52d38c090b3caa76c563b86c3a4bd71ef1a819287c19d586d7334ae8ed66"

[[package]]
name = "windows_i686_msvc"
version = "0.52.6"
source = "registry+https://github.com/rust-lang/crates.io-index"
checksum = "240948bc05c5e7c6dabba28bf89d89ffce3e303022809e73deaefe4f6ec56c66"

[[package]]
name = "windows_x86_64_gnu"
version = "0.52.6"
source = "registry+https://github.com/rust-lang/crates.io-index"
checksum = "147a5c80aabfbf0c7d901cb5895d1de30ef2907eb21fbbab29ca94c5b08b1a78"

[[package]]
name = "windows_x86_64_gnullvm"
version = "0.52.6"
source = "registry+https://github.com/rust-lang/crates.io-index"
checksum = "24d5b23dc417412679681396f2b49f3de8c1473deb516bd34410872eff51ed0d"

[[package]]
name = "windows_x86_64_msvc"
version = "0.52.6"
source = "registry+https://github.com/rust-lang/crates.io-index"
checksum = "589f6da84c646204747d1270a2a5661ea66ed1cced2631d546fdfb155959f9ec"
